// !$*UTF8*$!
{
	archiveVersion = 1;
	classes = {
	};
	objectVersion = 77;
	objects = {

/* Begin PBXBuildFile section */
		842C8F152CEB33660055DB9C /* Localizable.xcstrings in Resources */ = {isa = PBXBuildFile; fileRef = 842C8F142CEB33660055DB9C /* Localizable.xcstrings */; };
		842C8F162CEB37250055DB9C /* Localizable.xcstrings in Resources */ = {isa = PBXBuildFile; fileRef = 842C8F142CEB33660055DB9C /* Localizable.xcstrings */; };
		844A9EE12CEA438600617787 /* Global.xcconfig in Resources */ = {isa = PBXBuildFile; fileRef = 844A9EE02CEA438600617787 /* Global.xcconfig */; };
		844A9EE22CEA438600617787 /* Global.xcconfig in Resources */ = {isa = PBXBuildFile; fileRef = 844A9EE02CEA438600617787 /* Global.xcconfig */; };
		849AF73E2CEBC42D0095B2B1 /* .swiftlint.yml in Resources */ = {isa = PBXBuildFile; fileRef = 849AF73D2CEBC42D0095B2B1 /* .swiftlint.yml */; };
		849AF73F2CEBC42D0095B2B1 /* .swiftlint.yml in Resources */ = {isa = PBXBuildFile; fileRef = 849AF73D2CEBC42D0095B2B1 /* .swiftlint.yml */; };
		84A106822CE623DA0081261A /* FinderTools.appex in Embed Foundation Extensions */ = {isa = PBXBuildFile; fileRef = 84A1067A2CE623DA0081261A /* FinderTools.appex */; settings = {ATTRIBUTES = (RemoveHeadersOnCopy, ); }; };
/* End PBXBuildFile section */

/* Begin PBXContainerItemProxy section */
		84A106802CE623DA0081261A /* PBXContainerItemProxy */ = {
			isa = PBXContainerItemProxy;
			containerPortal = 84A106412CE60CFD0081261A /* Project object */;
			proxyType = 1;
			remoteGlobalIDString = 84A106792CE623DA0081261A;
			remoteInfo = FinderTools;
		};
/* End PBXContainerItemProxy section */

/* Begin PBXCopyFilesBuildPhase section */
		84A106872CE623DA0081261A /* Embed Foundation Extensions */ = {
			isa = PBXCopyFilesBuildPhase;
			buildActionMask = 2147483647;
			dstPath = "";
			dstSubfolderSpec = 13;
			files = (
				84A106822CE623DA0081261A /* FinderTools.appex in Embed Foundation Extensions */,
			);
			name = "Embed Foundation Extensions";
			runOnlyForDeploymentPostprocessing = 0;
		};
/* End PBXCopyFilesBuildPhase section */

/* Begin PBXFileReference section */
		842C8F142CEB33660055DB9C /* Localizable.xcstrings */ = {isa = PBXFileReference; lastKnownFileType = text.json.xcstrings; path = Localizable.xcstrings; sourceTree = "<group>"; };
		844A9EE02CEA438600617787 /* Global.xcconfig */ = {isa = PBXFileReference; lastKnownFileType = text.xcconfig; path = Global.xcconfig; sourceTree = "<group>"; };
		849AF73D2CEBC42D0095B2B1 /* .swiftlint.yml */ = {isa = PBXFileReference; lastKnownFileType = text.yaml; path = .swiftlint.yml; sourceTree = "<group>"; };
		84A106492CE60CFD0081261A /* Astrix.app */ = {isa = PBXFileReference; explicitFileType = wrapper.application; includeInIndex = 0; path = Astrix.app; sourceTree = BUILT_PRODUCTS_DIR; };
		84A1067A2CE623DA0081261A /* FinderTools.appex */ = {isa = PBXFileReference; explicitFileType = "wrapper.app-extension"; includeInIndex = 0; path = FinderTools.appex; sourceTree = BUILT_PRODUCTS_DIR; };
/* End PBXFileReference section */

/* Begin PBXFileSystemSynchronizedBuildFileExceptionSet section */
		844A9EE42CEA44FA00617787 /* Exceptions for "Astrix" folder in "Astrix" target */ = {
			isa = PBXFileSystemSynchronizedBuildFileExceptionSet;
			membershipExceptions = (
				Info.plist,
			);
			target = 84A106482CE60CFD0081261A /* Astrix */;
		};
		84A106862CE623DA0081261A /* Exceptions for "FinderTools" folder in "FinderTools" target */ = {
			isa = PBXFileSystemSynchronizedBuildFileExceptionSet;
			membershipExceptions = (
				Info.plist,
			);
			target = 84A106792CE623DA0081261A /* FinderTools */;
		};
		84A1068C2CE623F80081261A /* Exceptions for "Astrix" folder in "FinderTools" target */ = {
			isa = PBXFileSystemSynchronizedBuildFileExceptionSet;
			membershipExceptions = (
				Sources/Utilities/Constants.swift,
				Sources/Utilities/Elements.swift,
				Sources/Utilities/Scripting.swift,
			);
			target = 84A106792CE623DA0081261A /* FinderTools */;
		};
/* End PBXFileSystemSynchronizedBuildFileExceptionSet section */

/* Begin PBXFileSystemSynchronizedRootGroup section */
		84A1064B2CE60CFD0081261A /* Astrix */ = {
			isa = PBXFileSystemSynchronizedRootGroup;
			exceptions = (
				844A9EE42CEA44FA00617787 /* Exceptions for "Astrix" folder in "Astrix" target */,
				84A1068C2CE623F80081261A /* Exceptions for "Astrix" folder in "FinderTools" target */,
			);
			path = Astrix;
			sourceTree = "<group>";
		};
		84A1067B2CE623DA0081261A /* FinderTools */ = {
			isa = PBXFileSystemSynchronizedRootGroup;
			exceptions = (
				84A106862CE623DA0081261A /* Exceptions for "FinderTools" folder in "FinderTools" target */,
			);
			path = FinderTools;
			sourceTree = "<group>";
		};
/* End PBXFileSystemSynchronizedRootGroup section */

/* Begin PBXFrameworksBuildPhase section */
		84A106462CE60CFD0081261A /* Frameworks */ = {
			isa = PBXFrameworksBuildPhase;
			buildActionMask = 2147483647;
			files = (
			);
			runOnlyForDeploymentPostprocessing = 0;
		};
		84A106772CE623DA0081261A /* Frameworks */ = {
			isa = PBXFrameworksBuildPhase;
			buildActionMask = 2147483647;
			files = (
			);
			runOnlyForDeploymentPostprocessing = 0;
		};
/* End PBXFrameworksBuildPhase section */

/* Begin PBXGroup section */
		842C8F132CEB332D0055DB9C /* Resources */ = {
			isa = PBXGroup;
			children = (
				842C8F142CEB33660055DB9C /* Localizable.xcstrings */,
			);
			path = Resources;
			sourceTree = "<group>";
		};
		844CFC2E2D6496C800AAD0A0 /* Configuration */ = {
			isa = PBXGroup;
			children = (
				844A9EE02CEA438600617787 /* Global.xcconfig */,
			);
			path = Configuration;
			sourceTree = "<group>";
		};
		84A106402CE60CFD0081261A = {
			isa = PBXGroup;
			children = (
				844CFC2E2D6496C800AAD0A0 /* Configuration */,
				849AF73D2CEBC42D0095B2B1 /* .swiftlint.yml */,
				842C8F132CEB332D0055DB9C /* Resources */,
				84A1064B2CE60CFD0081261A /* Astrix */,
				84A1067B2CE623DA0081261A /* FinderTools */,
				84A1064A2CE60CFD0081261A /* Products */,
			);
			sourceTree = "<group>";
		};
		84A1064A2CE60CFD0081261A /* Products */ = {
			isa = PBXGroup;
			children = (
				84A106492CE60CFD0081261A /* Astrix.app */,
				84A1067A2CE623DA0081261A /* FinderTools.appex */,
			);
			name = Products;
			sourceTree = "<group>";
		};
/* End PBXGroup section */

/* Begin PBXNativeTarget section */
		84A106482CE60CFD0081261A /* Astrix */ = {
			isa = PBXNativeTarget;
			buildConfigurationList = 84A1065A2CE60CFE0081261A /* Build configuration list for PBXNativeTarget "Astrix" */;
			buildPhases = (
				849AF73B2CEBC2F00095B2B1 /* ShellScript */,
				84A106452CE60CFD0081261A /* Sources */,
				84A106462CE60CFD0081261A /* Frameworks */,
				84A106472CE60CFD0081261A /* Resources */,
				84A106872CE623DA0081261A /* Embed Foundation Extensions */,
			);
			buildRules = (
			);
			dependencies = (
				84A106812CE623DA0081261A /* PBXTargetDependency */,
			);
			fileSystemSynchronizedGroups = (
				84A1064B2CE60CFD0081261A /* Astrix */,
			);
			name = Astrix;
			packageProductDependencies = (
			);
			productName = Astrix;
			productReference = 84A106492CE60CFD0081261A /* Astrix.app */;
			productType = "com.apple.product-type.application";
		};
		84A106792CE623DA0081261A /* FinderTools */ = {
			isa = PBXNativeTarget;
			buildConfigurationList = 84A106832CE623DA0081261A /* Build configuration list for PBXNativeTarget "FinderTools" */;
			buildPhases = (
				84A106762CE623DA0081261A /* Sources */,
				84A106772CE623DA0081261A /* Frameworks */,
				84A106782CE623DA0081261A /* Resources */,
			);
			buildRules = (
			);
			dependencies = (
			);
			fileSystemSynchronizedGroups = (
				84A1067B2CE623DA0081261A /* FinderTools */,
			);
			name = FinderTools;
			packageProductDependencies = (
			);
			productName = FinderTools;
			productReference = 84A1067A2CE623DA0081261A /* FinderTools.appex */;
			productType = "com.apple.product-type.app-extension";
		};
/* End PBXNativeTarget section */

/* Begin PBXProject section */
		84A106412CE60CFD0081261A /* Project object */ = {
			isa = PBXProject;
			attributes = {
				BuildIndependentTargetsInParallel = 1;
				LastSwiftUpdateCheck = 1600;
				LastUpgradeCheck = 1600;
				TargetAttributes = {
					84A106482CE60CFD0081261A = {
						CreatedOnToolsVersion = 16.0;
					};
					84A106792CE623DA0081261A = {
						CreatedOnToolsVersion = 16.0;
					};
				};
			};
			buildConfigurationList = 84A106442CE60CFD0081261A /* Build configuration list for PBXProject "Astrix" */;
			developmentRegion = en;
			hasScannedForEncodings = 0;
			knownRegions = (
				en,
				Base,
				nl,
			);
			mainGroup = 84A106402CE60CFD0081261A;
			minimizedProjectReferenceProxies = 1;
			preferredProjectObjectVersion = 77;
			productRefGroup = 84A1064A2CE60CFD0081261A /* Products */;
			projectDirPath = "";
			projectRoot = "";
			targets = (
				84A106482CE60CFD0081261A /* Astrix */,
				84A106792CE623DA0081261A /* FinderTools */,
			);
		};
/* End PBXProject section */

/* Begin PBXResourcesBuildPhase section */
		84A106472CE60CFD0081261A /* Resources */ = {
			isa = PBXResourcesBuildPhase;
			buildActionMask = 2147483647;
			files = (
				849AF73F2CEBC42D0095B2B1 /* .swiftlint.yml in Resources */,
				844A9EE12CEA438600617787 /* Global.xcconfig in Resources */,
				842C8F152CEB33660055DB9C /* Localizable.xcstrings in Resources */,
			);
			runOnlyForDeploymentPostprocessing = 0;
		};
		84A106782CE623DA0081261A /* Resources */ = {
			isa = PBXResourcesBuildPhase;
			buildActionMask = 2147483647;
			files = (
				849AF73E2CEBC42D0095B2B1 /* .swiftlint.yml in Resources */,
				844A9EE22CEA438600617787 /* Global.xcconfig in Resources */,
				842C8F162CEB37250055DB9C /* Localizable.xcstrings in Resources */,
			);
			runOnlyForDeploymentPostprocessing = 0;
		};
/* End PBXResourcesBuildPhase section */

/* Begin PBXShellScriptBuildPhase section */
		849AF73B2CEBC2F00095B2B1 /* ShellScript */ = {
			isa = PBXShellScriptBuildPhase;
			buildActionMask = 2147483647;
			files = (
			);
			inputFileListPaths = (
			);
			inputPaths = (
			);
			outputFileListPaths = (
			);
			outputPaths = (
				"$(DERIVED_FILE_DIR)/swiftlint.result",
			);
			runOnlyForDeploymentPostprocessing = 0;
			shellPath = /bin/sh;
			shellScript = "if [[ \"$(uname -m)\" == arm64 ]]\nthen\n    export PATH=\"/opt/homebrew/bin:$PATH\"\nfi\n\nif command -v swiftlint >/dev/null 2>&1\nthen\n    swiftlint\nelse\n    echo \"warning: `swiftlint` command not found - See https://github.com/realm/SwiftLint#installation for installation instructions.\"\nfi\n";
		};
/* End PBXShellScriptBuildPhase section */

/* Begin PBXSourcesBuildPhase section */
		84A106452CE60CFD0081261A /* Sources */ = {
			isa = PBXSourcesBuildPhase;
			buildActionMask = 2147483647;
			files = (
			);
			runOnlyForDeploymentPostprocessing = 0;
		};
		84A106762CE623DA0081261A /* Sources */ = {
			isa = PBXSourcesBuildPhase;
			buildActionMask = 2147483647;
			files = (
			);
			runOnlyForDeploymentPostprocessing = 0;
		};
/* End PBXSourcesBuildPhase section */

/* Begin PBXTargetDependency section */
		84A106812CE623DA0081261A /* PBXTargetDependency */ = {
			isa = PBXTargetDependency;
			target = 84A106792CE623DA0081261A /* FinderTools */;
			targetProxy = 84A106802CE623DA0081261A /* PBXContainerItemProxy */;
		};
/* End PBXTargetDependency section */

/* Begin XCBuildConfiguration section */
		84A106582CE60CFE0081261A /* Debug */ = {
			isa = XCBuildConfiguration;
			baseConfigurationReference = 844A9EE02CEA438600617787 /* Global.xcconfig */;
			buildSettings = {
				ALWAYS_SEARCH_USER_PATHS = NO;
				ASSETCATALOG_COMPILER_GENERATE_SWIFT_ASSET_SYMBOL_EXTENSIONS = YES;
				CLANG_ANALYZER_NONNULL = YES;
				CLANG_ANALYZER_NUMBER_OBJECT_CONVERSION = YES_AGGRESSIVE;
				CLANG_CXX_LANGUAGE_STANDARD = "gnu++20";
				CLANG_ENABLE_MODULES = YES;
				CLANG_ENABLE_OBJC_ARC = YES;
				CLANG_ENABLE_OBJC_WEAK = YES;
				CLANG_WARN_BLOCK_CAPTURE_AUTORELEASING = YES;
				CLANG_WARN_BOOL_CONVERSION = YES;
				CLANG_WARN_COMMA = YES;
				CLANG_WARN_CONSTANT_CONVERSION = YES;
				CLANG_WARN_DEPRECATED_OBJC_IMPLEMENTATIONS = YES;
				CLANG_WARN_DIRECT_OBJC_ISA_USAGE = YES_ERROR;
				CLANG_WARN_DOCUMENTATION_COMMENTS = YES;
				CLANG_WARN_EMPTY_BODY = YES;
				CLANG_WARN_ENUM_CONVERSION = YES;
				CLANG_WARN_INFINITE_RECURSION = YES;
				CLANG_WARN_INT_CONVERSION = YES;
				CLANG_WARN_NON_LITERAL_NULL_CONVERSION = YES;
				CLANG_WARN_OBJC_IMPLICIT_RETAIN_SELF = YES;
				CLANG_WARN_OBJC_LITERAL_CONVERSION = YES;
				CLANG_WARN_OBJC_ROOT_CLASS = YES_ERROR;
				CLANG_WARN_QUOTED_INCLUDE_IN_FRAMEWORK_HEADER = YES;
				CLANG_WARN_RANGE_LOOP_ANALYSIS = YES;
				CLANG_WARN_STRICT_PROTOTYPES = YES;
				CLANG_WARN_SUSPICIOUS_MOVE = YES;
				CLANG_WARN_UNGUARDED_AVAILABILITY = YES_AGGRESSIVE;
				CLANG_WARN_UNREACHABLE_CODE = YES;
				CLANG_WARN__DUPLICATE_METHOD_MATCH = YES;
				COPY_PHASE_STRIP = NO;
				DEBUG_INFORMATION_FORMAT = dwarf;
				ENABLE_STRICT_OBJC_MSGSEND = YES;
				ENABLE_TESTABILITY = YES;
				ENABLE_USER_SCRIPT_SANDBOXING = YES;
				GCC_C_LANGUAGE_STANDARD = gnu17;
				GCC_DYNAMIC_NO_PIC = NO;
				GCC_NO_COMMON_BLOCKS = YES;
				GCC_OPTIMIZATION_LEVEL = 0;
				GCC_PREPROCESSOR_DEFINITIONS = (
					"DEBUG=1",
					"$(inherited)",
				);
				GCC_WARN_64_TO_32_BIT_CONVERSION = YES;
				GCC_WARN_ABOUT_RETURN_TYPE = YES_ERROR;
				GCC_WARN_UNDECLARED_SELECTOR = YES;
				GCC_WARN_UNINITIALIZED_AUTOS = YES_AGGRESSIVE;
				GCC_WARN_UNUSED_FUNCTION = YES;
				GCC_WARN_UNUSED_VARIABLE = YES;
				LOCALIZATION_PREFERS_STRING_CATALOGS = YES;
				MACOSX_DEPLOYMENT_TARGET = 15.0;
				MTL_ENABLE_DEBUG_INFO = INCLUDE_SOURCE;
				MTL_FAST_MATH = YES;
				ONLY_ACTIVE_ARCH = YES;
				SDKROOT = macosx;
				SWIFT_ACTIVE_COMPILATION_CONDITIONS = "DEBUG $(inherited)";
				SWIFT_EMIT_LOC_STRINGS = YES;
				SWIFT_OPTIMIZATION_LEVEL = "-Onone";
			};
			name = Debug;
		};
		84A106592CE60CFE0081261A /* Release */ = {
			isa = XCBuildConfiguration;
			baseConfigurationReference = 844A9EE02CEA438600617787 /* Global.xcconfig */;
			buildSettings = {
				ALWAYS_SEARCH_USER_PATHS = NO;
				ASSETCATALOG_COMPILER_GENERATE_SWIFT_ASSET_SYMBOL_EXTENSIONS = YES;
				CLANG_ANALYZER_NONNULL = YES;
				CLANG_ANALYZER_NUMBER_OBJECT_CONVERSION = YES_AGGRESSIVE;
				CLANG_CXX_LANGUAGE_STANDARD = "gnu++20";
				CLANG_ENABLE_MODULES = YES;
				CLANG_ENABLE_OBJC_ARC = YES;
				CLANG_ENABLE_OBJC_WEAK = YES;
				CLANG_WARN_BLOCK_CAPTURE_AUTORELEASING = YES;
				CLANG_WARN_BOOL_CONVERSION = YES;
				CLANG_WARN_COMMA = YES;
				CLANG_WARN_CONSTANT_CONVERSION = YES;
				CLANG_WARN_DEPRECATED_OBJC_IMPLEMENTATIONS = YES;
				CLANG_WARN_DIRECT_OBJC_ISA_USAGE = YES_ERROR;
				CLANG_WARN_DOCUMENTATION_COMMENTS = YES;
				CLANG_WARN_EMPTY_BODY = YES;
				CLANG_WARN_ENUM_CONVERSION = YES;
				CLANG_WARN_INFINITE_RECURSION = YES;
				CLANG_WARN_INT_CONVERSION = YES;
				CLANG_WARN_NON_LITERAL_NULL_CONVERSION = YES;
				CLANG_WARN_OBJC_IMPLICIT_RETAIN_SELF = YES;
				CLANG_WARN_OBJC_LITERAL_CONVERSION = YES;
				CLANG_WARN_OBJC_ROOT_CLASS = YES_ERROR;
				CLANG_WARN_QUOTED_INCLUDE_IN_FRAMEWORK_HEADER = YES;
				CLANG_WARN_RANGE_LOOP_ANALYSIS = YES;
				CLANG_WARN_STRICT_PROTOTYPES = YES;
				CLANG_WARN_SUSPICIOUS_MOVE = YES;
				CLANG_WARN_UNGUARDED_AVAILABILITY = YES_AGGRESSIVE;
				CLANG_WARN_UNREACHABLE_CODE = YES;
				CLANG_WARN__DUPLICATE_METHOD_MATCH = YES;
				COPY_PHASE_STRIP = NO;
				DEBUG_INFORMATION_FORMAT = "dwarf-with-dsym";
				ENABLE_NS_ASSERTIONS = NO;
				ENABLE_STRICT_OBJC_MSGSEND = YES;
				ENABLE_USER_SCRIPT_SANDBOXING = YES;
				GCC_C_LANGUAGE_STANDARD = gnu17;
				GCC_NO_COMMON_BLOCKS = YES;
				GCC_WARN_64_TO_32_BIT_CONVERSION = YES;
				GCC_WARN_ABOUT_RETURN_TYPE = YES_ERROR;
				GCC_WARN_UNDECLARED_SELECTOR = YES;
				GCC_WARN_UNINITIALIZED_AUTOS = YES_AGGRESSIVE;
				GCC_WARN_UNUSED_FUNCTION = YES;
				GCC_WARN_UNUSED_VARIABLE = YES;
				LOCALIZATION_PREFERS_STRING_CATALOGS = YES;
				MACOSX_DEPLOYMENT_TARGET = 15.0;
				MTL_ENABLE_DEBUG_INFO = NO;
				MTL_FAST_MATH = YES;
				SDKROOT = macosx;
				SWIFT_COMPILATION_MODE = wholemodule;
				SWIFT_EMIT_LOC_STRINGS = YES;
			};
			name = Release;
		};
		84A1065B2CE60CFE0081261A /* Debug */ = {
			isa = XCBuildConfiguration;
			baseConfigurationReference = 844A9EE02CEA438600617787 /* Global.xcconfig */;
			buildSettings = {
				ASSETCATALOG_COMPILER_APPICON_NAME = AppIcon;
				ASSETCATALOG_COMPILER_GLOBAL_ACCENT_COLOR_NAME = AccentColor;
				CODE_SIGN_ENTITLEMENTS = Astrix/Astrix.entitlements;
				CODE_SIGN_IDENTITY = "Apple Development";
				"CODE_SIGN_IDENTITY[sdk=macosx*]" = "Apple Development";
				CODE_SIGN_STYLE = Automatic;
				COMBINE_HIDPI_IMAGES = YES;
				CURRENT_PROJECT_VERSION = 6;
				DEVELOPMENT_TEAM = U6WA8YA735;
				ENABLE_HARDENED_RUNTIME = YES;
				ENABLE_PREVIEWS = YES;
				ENABLE_USER_SCRIPT_SANDBOXING = NO;
				GENERATE_INFOPLIST_FILE = YES;
				INFOPLIST_FILE = Astrix/Info.plist;
				INFOPLIST_KEY_LSApplicationCategoryType = "public.app-category.utilities";
				INFOPLIST_KEY_NSHumanReadableCopyright = "";
				LD_RUNPATH_SEARCH_PATHS = (
					"$(inherited)",
					"@executable_path/../Frameworks",
				);
				MACOSX_DEPLOYMENT_TARGET = 14.0;
				MARKETING_VERSION = 1.5;
				PRODUCT_BUNDLE_IDENTIFIER = com.thom1606.Astrix;
				PRODUCT_NAME = "$(TARGET_NAME)";
				PROVISIONING_PROFILE_SPECIFIER = "";
				SWIFT_EMIT_LOC_STRINGS = YES;
				SWIFT_VERSION = 5.0;
			};
			name = Debug;
		};
		84A1065C2CE60CFE0081261A /* Release */ = {
			isa = XCBuildConfiguration;
			baseConfigurationReference = 844A9EE02CEA438600617787 /* Global.xcconfig */;
			buildSettings = {
				ASSETCATALOG_COMPILER_APPICON_NAME = AppIcon;
				ASSETCATALOG_COMPILER_GLOBAL_ACCENT_COLOR_NAME = AccentColor;
				CODE_SIGN_ENTITLEMENTS = Astrix/Astrix.entitlements;
				CODE_SIGN_IDENTITY = "Apple Development";
				"CODE_SIGN_IDENTITY[sdk=macosx*]" = "Apple Development";
				CODE_SIGN_STYLE = Automatic;
				COMBINE_HIDPI_IMAGES = YES;
				CURRENT_PROJECT_VERSION = 6;
				DEVELOPMENT_TEAM = U6WA8YA735;
				ENABLE_HARDENED_RUNTIME = YES;
				ENABLE_PREVIEWS = YES;
				ENABLE_USER_SCRIPT_SANDBOXING = NO;
				GENERATE_INFOPLIST_FILE = YES;
				INFOPLIST_FILE = Astrix/Info.plist;
				INFOPLIST_KEY_LSApplicationCategoryType = "public.app-category.utilities";
				INFOPLIST_KEY_NSHumanReadableCopyright = "";
				LD_RUNPATH_SEARCH_PATHS = (
					"$(inherited)",
					"@executable_path/../Frameworks",
				);
				MACOSX_DEPLOYMENT_TARGET = 14.0;
				MARKETING_VERSION = 1.5;
				PRODUCT_BUNDLE_IDENTIFIER = com.thom1606.Astrix;
				PRODUCT_NAME = "$(TARGET_NAME)";
				PROVISIONING_PROFILE_SPECIFIER = "";
				SWIFT_EMIT_LOC_STRINGS = YES;
				SWIFT_VERSION = 5.0;
			};
			name = Release;
		};
		84A106842CE623DA0081261A /* Debug */ = {
			isa = XCBuildConfiguration;
			baseConfigurationReference = 844A9EE02CEA438600617787 /* Global.xcconfig */;
			buildSettings = {
				CODE_SIGN_ENTITLEMENTS = FinderTools/FinderTools.entitlements;
				CODE_SIGN_IDENTITY = "Apple Development";
				"CODE_SIGN_IDENTITY[sdk=macosx*]" = "Apple Development";
				CODE_SIGN_STYLE = Automatic;
				COMBINE_HIDPI_IMAGES = YES;
				CURRENT_PROJECT_VERSION = 6;
				DEVELOPMENT_TEAM = U6WA8YA735;
				ENABLE_HARDENED_RUNTIME = YES;
				ENABLE_USER_SCRIPT_SANDBOXING = NO;
				GENERATE_INFOPLIST_FILE = YES;
				INFOPLIST_FILE = FinderTools/Info.plist;
				INFOPLIST_KEY_CFBundleDisplayName = FinderTools;
				INFOPLIST_KEY_LSUIElement = YES;
				INFOPLIST_KEY_NSHumanReadableCopyright = "";
				LD_RUNPATH_SEARCH_PATHS = (
					"$(inherited)",
					"@executable_path/../Frameworks",
					"@executable_path/../../../../Frameworks",
				);
				MACOSX_DEPLOYMENT_TARGET = 14.0;
				MARKETING_VERSION = 1.5;
				PRODUCT_BUNDLE_IDENTIFIER = com.thom1606.Astrix.FinderTools;
				PRODUCT_NAME = "$(TARGET_NAME)";
				PROVISIONING_PROFILE_SPECIFIER = "";
				SKIP_INSTALL = YES;
				SWIFT_EMIT_LOC_STRINGS = YES;
				SWIFT_VERSION = 5.0;
			};
			name = Debug;
		};
		84A106852CE623DA0081261A /* Release */ = {
			isa = XCBuildConfiguration;
			baseConfigurationReference = 844A9EE02CEA438600617787 /* Global.xcconfig */;
			buildSettings = {
				CODE_SIGN_ENTITLEMENTS = FinderTools/FinderTools.entitlements;
				CODE_SIGN_IDENTITY = "Apple Development";
				"CODE_SIGN_IDENTITY[sdk=macosx*]" = "Apple Development";
				CODE_SIGN_STYLE = Automatic;
				COMBINE_HIDPI_IMAGES = YES;
				CURRENT_PROJECT_VERSION = 6;
				DEVELOPMENT_TEAM = U6WA8YA735;
				ENABLE_HARDENED_RUNTIME = YES;
				ENABLE_USER_SCRIPT_SANDBOXING = NO;
				GENERATE_INFOPLIST_FILE = YES;
				INFOPLIST_FILE = FinderTools/Info.plist;
				INFOPLIST_KEY_CFBundleDisplayName = FinderTools;
				INFOPLIST_KEY_LSUIElement = YES;
				INFOPLIST_KEY_NSHumanReadableCopyright = "";
				LD_RUNPATH_SEARCH_PATHS = (
					"$(inherited)",
					"@executable_path/../Frameworks",
					"@executable_path/../../../../Frameworks",
				);
				MACOSX_DEPLOYMENT_TARGET = 14.0;
				MARKETING_VERSION = 1.5;
				PRODUCT_BUNDLE_IDENTIFIER = com.thom1606.Astrix.FinderTools;
				PRODUCT_NAME = "$(TARGET_NAME)";
				PROVISIONING_PROFILE_SPECIFIER = "";
				SKIP_INSTALL = YES;
				SWIFT_EMIT_LOC_STRINGS = YES;
				SWIFT_VERSION = 5.0;
			};
			name = Release;
		};
/* End XCBuildConfiguration section */

/* Begin XCConfigurationList section */
		84A106442CE60CFD0081261A /* Build configuration list for PBXProject "Astrix" */ = {
			isa = XCConfigurationList;
			buildConfigurations = (
				84A106582CE60CFE0081261A /* Debug */,
				84A106592CE60CFE0081261A /* Release */,
			);
			defaultConfigurationIsVisible = 0;
			defaultConfigurationName = Release;
		};
		84A1065A2CE60CFE0081261A /* Build configuration list for PBXNativeTarget "Astrix" */ = {
			isa = XCConfigurationList;
			buildConfigurations = (
				84A1065B2CE60CFE0081261A /* Debug */,
				84A1065C2CE60CFE0081261A /* Release */,
			);
			defaultConfigurationIsVisible = 0;
			defaultConfigurationName = Release;
		};
		84A106832CE623DA0081261A /* Build configuration list for PBXNativeTarget "FinderTools" */ = {
			isa = XCConfigurationList;
			buildConfigurations = (
				84A106842CE623DA0081261A /* Debug */,
				84A106852CE623DA0081261A /* Release */,
			);
			defaultConfigurationIsVisible = 0;
			defaultConfigurationName = Release;
		};
/* End XCConfigurationList section */
	};
	rootObject = 84A106412CE60CFD0081261A /* Project object */;
}
